# THIS IS AN AUTOGENERATED FILE. DO NOT EDIT THIS FILE DIRECTLY.
# yarn lockfile v1


"@use-preset/preset@^0.1.1-alpha.1":
  version "0.1.1-alpha.1"
  resolved "https://registry.yarnpkg.com/@use-preset/preset/-/preset-0.1.1-alpha.1.tgz#18ab3a397e22d127bfdc86fe62b7f3533bed49df"
  integrity sha512-jv7DSAAOaxdd3+zRR/99Nx1p6rWTtUaf2biOneHJ2Q/6mJTHhCFcLeiis//TWe+FuuigwuPaHLlOzfp0iGrlNA==
  dependencies:
    typescript "^3.9.5"

typescript@^3.9.5:
  version "3.9.5"
  resolved "https://registry.yarnpkg.com/typescript/-/typescript-3.9.5.tgz#586f0dba300cde8be52dd1ac4f7e1009c1b13f36"
  integrity sha512-hSAifV3k+i6lEoCJ2k6R2Z/rp/H3+8sdmcn5NrS3/3kE7+RyZXm9aqvxWqjEXHAd8b0pShatpcdMTvEdvAJltQ==
